
Microsoft Visual Studio Solution File, Format Version 11.00
# Visual Studio 2010
Project("{FAE04EC0-301F-11D3-BF4B-00C04F79EFBC}") = "Asky", "Asky\Asky.csproj", "{C1DC578E-B982-4EEA-A494-A2C5B3CAEFDD}"
EndProject
Project("{FAE04EC0-301F-11D3-BF4B-00C04F79EFBC}") = "Quiz", "Quiz\Quiz.csproj", "{E475E53B-D970-4C60-8564-EC1B902817CA}"
EndProject
Project("{FAE04EC0-301F-11D3-BF4B-00C04F79EFBC}") = "Quiz.Base", "Quiz.Base\Quiz.Base.csproj", "{3D4F75C2-5C6E-4ED2-968F-5BE781AE51BB}"
EndProject
Global
	GlobalSection(SolutionConfigurationPlatforms) = preSolution
		Debug|Any CPU = Debug|Any CPU
		Debug|Mixed Platforms = Debug|Mixed Platforms
		Debug|x86 = Debug|x86
		Release|Any CPU = Release|Any CPU
		Release|Mixed Platforms = Release|Mixed Platforms
		Release|x86 = Release|x86
	EndGlobalSection
	GlobalSection(ProjectConfigurationPlatforms) = postSolution
		{C1DC578E-B982-4EEA-A494-A2C5B3CAEFDD}.Debug|Any CPU.ActiveCfg = Debug|x86
		{C1DC578E-B982-4EEA-A494-A2C5B3CAEFDD}.Debug|Mixed Platforms.ActiveCfg = Debug|x86
		{C1DC578E-B982-4EEA-A494-A2C5B3CAEFDD}.Debug|Mixed Platforms.Build.0 = Debug|x86
		{C1DC578E-B982-4EEA-A494-A2C5B3CAEFDD}.Debug|x86.ActiveCfg = Debug|x86
		{C1DC578E-B982-4EEA-A494-A2C5B3CAEFDD}.Debug|x86.Build.0 = Debug|x86
		{C1DC578E-B982-4EEA-A494-A2C5B3CAEFDD}.Release|Any CPU.ActiveCfg = Release|x86
		{C1DC578E-B982-4EEA-A494-A2C5B3CAEFDD}.Release|Mixed Platforms.ActiveCfg = Release|x86
		{C1DC578E-B982-4EEA-A494-A2C5B3CAEFDD}.Release|Mixed Platforms.Build.0 = Release|x86
		{C1DC578E-B982-4EEA-A494-A2C5B3CAEFDD}.Release|x86.ActiveCfg = Release|x86
		{C1DC578E-B982-4EEA-A494-A2C5B3CAEFDD}.Release|x86.Build.0 = Release|x86
		{E475E53B-D970-4C60-8564-EC1B902817CA}.Debug|Any CPU.ActiveCfg = Debug|Any CPU
		{E475E53B-D970-4C60-8564-EC1B902817CA}.Debug|Any CPU.Build.0 = Debug|Any CPU
		{E475E53B-D970-4C60-8564-EC1B902817CA}.Debug|Mixed Platforms.ActiveCfg = Debug|Any CPU
		{E475E53B-D970-4C60-8564-EC1B902817CA}.Debug|Mixed Platforms.Build.0 = Debug|Any CPU
		{E475E53B-D970-4C60-8564-EC1B902817CA}.Debug|x86.ActiveCfg = Debug|Any CPU
		{E475E53B-D970-4C60-8564-EC1B902817CA}.Release|Any CPU.ActiveCfg = Release|Any CPU
		{E475E53B-D970-4C60-8564-EC1B902817CA}.Release|Any CPU.Build.0 = Release|Any CPU
		{E475E53B-D970-4C60-8564-EC1B902817CA}.Release|Mixed Platforms.ActiveCfg = Release|Any CPU
		{E475E53B-D970-4C60-8564-EC1B902817CA}.Release|Mixed Platforms.Build.0 = Release|Any CPU
		{E475E53B-D970-4C60-8564-EC1B902817CA}.Release|x86.ActiveCfg = Release|Any CPU
		{3D4F75C2-5C6E-4ED2-968F-5BE781AE51BB}.Debug|Any CPU.ActiveCfg = Debug|Any CPU
		{3D4F75C2-5C6E-4ED2-968F-5BE781AE51BB}.Debug|Any CPU.Build.0 = Debug|Any CPU
		{3D4F75C2-5C6E-4ED2-968F-5BE781AE51BB}.Debug|Mixed Platforms.ActiveCfg = Debug|Any CPU
		{3D4F75C2-5C6E-4ED2-968F-5BE781AE51BB}.Debug|Mixed Platforms.Build.0 = Debug|Any CPU
		{3D4F75C2-5C6E-4ED2-968F-5BE781AE51BB}.Debug|x86.ActiveCfg = Debug|Any CPU
		{3D4F75C2-5C6E-4ED2-968F-5BE781AE51BB}.Release|Any CPU.ActiveCfg = Release|Any CPU
		{3D4F75C2-5C6E-4ED2-968F-5BE781AE51BB}.Release|Any CPU.Build.0 = Release|Any CPU
		{3D4F75C2-5C6E-4ED2-968F-5BE781AE51BB}.Release|Mixed Platforms.ActiveCfg = Release|Any CPU
		{3D4F75C2-5C6E-4ED2-968F-5BE781AE51BB}.Release|Mixed Platforms.Build.0 = Release|Any CPU
		{3D4F75C2-5C6E-4ED2-968F-5BE781AE51BB}.Release|x86.ActiveCfg = Release|Any CPU
	EndGlobalSection
	GlobalSection(SolutionProperties) = preSolution
		HideSolutionNode = FALSE
	EndGlobalSection
EndGlobal
